
Microsoft Visual Studio Solution File, Format Version 12.00
# Visual Studio Version 17
VisualStudioVersion = 17.12.35707.178 d17.12
MinimumVisualStudioVersion = 10.0.40219.1
Project("{FAE04EC0-301F-11D3-BF4B-00C04F79EFBC}") = "COMP003B.LectureActivity5", "COMP003B.LectureActivity5\COMP003B.LectureActivity5.csproj", "{DEE4DDF9-AFA3-4EE5-ADFE-39668B9F5ACD}"
EndProject
Global
	GlobalSection(SolutionConfigurationPlatforms) = preSolution
		Debug|Any CPU = Debug|Any CPU
		Release|Any CPU = Release|Any CPU
	EndGlobalSection
	GlobalSection(ProjectConfigurationPlatforms) = postSolution
		{DEE4DDF9-AFA3-4EE5-ADFE-39668B9F5ACD}.Debug|Any CPU.ActiveCfg = Debug|Any CPU
		{DEE4DDF9-AFA3-4EE5-ADFE-39668B9F5ACD}.Debug|Any CPU.Build.0 = Debug|Any CPU
		{DEE4DDF9-AFA3-4EE5-ADFE-39668B9F5ACD}.Release|Any CPU.ActiveCfg = Release|Any CPU
		{DEE4DDF9-AFA3-4EE5-ADFE-39668B9F5ACD}.Release|Any CPU.Build.0 = Release|Any CPU
	EndGlobalSection
	GlobalSection(SolutionProperties) = preSolution
		HideSolutionNode = FALSE
	EndGlobalSection
EndGlobal
